
Microsoft Visual Studio Solution File, Format Version 12.00
# Visual Studio Version 16
VisualStudioVersion = 16.0.30523.141
MinimumVisualStudioVersion = 10.0.40219.1
Project("{FAE04EC0-301F-11D3-BF4B-00C04F79EFBC}") = "Mamut.API", "Mamut.API.csproj", "{9A8C5F81-C6B5-405A-90BB-486DD1CBBBBE}"
EndProject
Project("{FAE04EC0-301F-11D3-BF4B-00C04F79EFBC}") = "Mamut.Domain", "..\Mamut.Domain\Mamut.Domain.csproj", "{3E033235-0327-4D1E-AD36-BD96DFC058E1}"
EndProject
Project("{FAE04EC0-301F-11D3-BF4B-00C04F79EFBC}") = "Mamut.DomParser", "..\Mamut.DomParser\Mamut.DomParser.csproj", "{7A2A34A4-984A-43A1-AC2E-5516194C4056}"
EndProject
Project("{FAE04EC0-301F-11D3-BF4B-00C04F79EFBC}") = "Mamut.Navigator", "..\Mamut.Navigator\Mamut.Navigator.csproj", "{8279C0A3-B070-42C5-8D97-672EE964CC4B}"
EndProject
Global
	GlobalSection(SolutionConfigurationPlatforms) = preSolution
		Debug|Any CPU = Debug|Any CPU
		Release|Any CPU = Release|Any CPU
	EndGlobalSection
	GlobalSection(ProjectConfigurationPlatforms) = postSolution
		{9A8C5F81-C6B5-405A-90BB-486DD1CBBBBE}.Debug|Any CPU.ActiveCfg = Debug|Any CPU
		{9A8C5F81-C6B5-405A-90BB-486DD1CBBBBE}.Debug|Any CPU.Build.0 = Debug|Any CPU
		{9A8C5F81-C6B5-405A-90BB-486DD1CBBBBE}.Release|Any CPU.ActiveCfg = Release|Any CPU
		{9A8C5F81-C6B5-405A-90BB-486DD1CBBBBE}.Release|Any CPU.Build.0 = Release|Any CPU
		{3E033235-0327-4D1E-AD36-BD96DFC058E1}.Debug|Any CPU.ActiveCfg = Debug|Any CPU
		{3E033235-0327-4D1E-AD36-BD96DFC058E1}.Debug|Any CPU.Build.0 = Debug|Any CPU
		{3E033235-0327-4D1E-AD36-BD96DFC058E1}.Release|Any CPU.ActiveCfg = Release|Any CPU
		{3E033235-0327-4D1E-AD36-BD96DFC058E1}.Release|Any CPU.Build.0 = Release|Any CPU
		{7A2A34A4-984A-43A1-AC2E-5516194C4056}.Debug|Any CPU.ActiveCfg = Debug|Any CPU
		{7A2A34A4-984A-43A1-AC2E-5516194C4056}.Debug|Any CPU.Build.0 = Debug|Any CPU
		{7A2A34A4-984A-43A1-AC2E-5516194C4056}.Release|Any CPU.ActiveCfg = Release|Any CPU
		{7A2A34A4-984A-43A1-AC2E-5516194C4056}.Release|Any CPU.Build.0 = Release|Any CPU
		{8279C0A3-B070-42C5-8D97-672EE964CC4B}.Debug|Any CPU.ActiveCfg = Debug|Any CPU
		{8279C0A3-B070-42C5-8D97-672EE964CC4B}.Debug|Any CPU.Build.0 = Debug|Any CPU
		{8279C0A3-B070-42C5-8D97-672EE964CC4B}.Release|Any CPU.ActiveCfg = Release|Any CPU
		{8279C0A3-B070-42C5-8D97-672EE964CC4B}.Release|Any CPU.Build.0 = Release|Any CPU
	EndGlobalSection
	GlobalSection(SolutionProperties) = preSolution
		HideSolutionNode = FALSE
	EndGlobalSection
	GlobalSection(ExtensibilityGlobals) = postSolution
		SolutionGuid = {4F091BB5-8372-4654-A644-3A7A510886AB}
	EndGlobalSection
EndGlobal
